# This file is autogenerated, do not edit; changes may be undone by the next 'dep ensure'.


[[projects]]
  branch = "master"
  name = "github.com/0xAX/notificator"
  packages = ["."]
  revision = "4547bc79e614e01ec3a18ca03f1b6b3c48170339"

[solve-meta]
  analyzer-name = "dep"
  analyzer-version = 1
  inputs-digest = "5be27a3aa13cd5eb0bcd6e56000b344043eb2f12a8845b74c3b856355d5dc690"
  solver-name = "gps-cdcl"
  solver-version = 1
